// !$*UTF8*$!
{
	archiveVersion = 1;
	classes = {
	};
	objectVersion = 46;
	objects = {
/* Begin PBXBuildFile section */
		0207DA581B56EA530066E2B4 /* Images.xcassets in Resources */ = {isa = PBXBuildFile; fileRef = 0207DA571B56EA530066E2B4 /* Images.xcassets */; };
		1D3623260D0F684500981E51 /* AppDelegate.m in Sources */ = {isa = PBXBuildFile; fileRef = 1D3623250D0F684500981E51 /* AppDelegate.m */; };
		1D60589B0D05DD56006BFB54 /* main.m in Sources */ = {isa = PBXBuildFile; fileRef = 29B97316FDCFA39411CA2CEA /* main.m */; };
		301BF552109A68D80062928A /* libCordova.a in Frameworks */ = {isa = PBXBuildFile; fileRef = 301BF535109A57CC0062928A /* libCordova.a */; };
		302D95F114D2391D003F00A1 /* MainViewController.m in Sources */ = {isa = PBXBuildFile; fileRef = 302D95EF14D2391D003F00A1 /* MainViewController.m */; };
		302D95F214D2391D003F00A1 /* MainViewController.xib in Resources */ = {isa = PBXBuildFile; fileRef = 302D95F014D2391D003F00A1 /* MainViewController.xib */; };
		3047A5121AB8059700498E2A /* build-debug.xcconfig in Resources */ = {isa = PBXBuildFile; fileRef = 3047A50F1AB8059700498E2A /* build-debug.xcconfig */; };
		3047A5131AB8059700498E2A /* build-release.xcconfig in Resources */ = {isa = PBXBuildFile; fileRef = 3047A5101AB8059700498E2A /* build-release.xcconfig */; };
		3047A5141AB8059700498E2A /* build.xcconfig in Resources */ = {isa = PBXBuildFile; fileRef = 3047A5111AB8059700498E2A /* build.xcconfig */; };
		6AFF5BF91D6E424B00AB3073 /* CDVLaunchScreen.storyboard in Resources */ = {isa = PBXBuildFile; fileRef = 6AFF5BF81D6E424B00AB3073 /* CDVLaunchScreen.storyboard */; };
		DE2CD7C91BD240CBA8D921D6 /* AppDelegate+notification.m in Sources */ = {isa = PBXBuildFile; fileRef = C242B6FD257A4AF3B1BBB0B1 /* AppDelegate+notification.m */; };
		DE777DFF356A43D8A0D51C28 /* PushPlugin.m in Sources */ = {isa = PBXBuildFile; fileRef = 53E28F3CB7FD4886A5C83DF2 /* PushPlugin.m */; };
		FBEEAC3B2FE1474FA18E58D8 /* libGGLCloudMessaging.a in Frameworks */ = {isa = PBXBuildFile; fileRef = 2A8CC392B7CB4B1481B91AFE /* libGGLCloudMessaging.a */; };
		C71ABB54C6E643A0B3D96365 /* libGGLCore.a in Frameworks */ = {isa = PBXBuildFile; fileRef = B3769A454FF44F85A46C4A11 /* libGGLCore.a */; };
		D45CA132C2E3495C876BB04E /* libGGLInstanceIDLib.a in Frameworks */ = {isa = PBXBuildFile; fileRef = E67E80396A014A5D8090DBC6 /* libGGLInstanceIDLib.a */; };
		2E7C6620909F49029E002ADD /* libGIP_Reachability.a in Frameworks */ = {isa = PBXBuildFile; fileRef = 70784A7A29FF46B19C8507CC /* libGIP_Reachability.a */; };
		995CC429890E4385AAB2C739 /* libGSDK_Overload.a in Frameworks */ = {isa = PBXBuildFile; fileRef = 7A5FA31244384228B22845FF /* libGSDK_Overload.a */; };
		6645A46DDDE14470A902271D /* libGTMSessionFetcher_core.a in Frameworks */ = {isa = PBXBuildFile; fileRef = 0CB0933832F54CE0BEE5EF81 /* libGTMSessionFetcher_core.a */; };
		AE807C49D8374AFE92A9A6AA /* libGTMSessionFetcher_full.a in Frameworks */ = {isa = PBXBuildFile; fileRef = 1A09D74DF40A47C88ED598E1 /* libGTMSessionFetcher_full.a */; };
		1312635B463B43A88E450439 /* libGTMStackTrace.a in Frameworks */ = {isa = PBXBuildFile; fileRef = 9B780365A5414DBFAB9A36FA /* libGTMStackTrace.a */; };
		E49C07E5B12040738B7EB4E3 /* libGTM_AddressBook.a in Frameworks */ = {isa = PBXBuildFile; fileRef = 38785E266BD547BE983D2827 /* libGTM_AddressBook.a */; };
		3EED90F962F54C28A72CF199 /* libGTM_DebugUtils.a in Frameworks */ = {isa = PBXBuildFile; fileRef = 438D968956D44CBFA79CC29C /* libGTM_DebugUtils.a */; };
		6746BE84F9684A4BB349036B /* libGTM_GTMURLBuilder.a in Frameworks */ = {isa = PBXBuildFile; fileRef = 6D9D62663E0C4C9083C617D0 /* libGTM_GTMURLBuilder.a */; };
		3FBE8A842752490DA07D8768 /* libGTM_KVO.a in Frameworks */ = {isa = PBXBuildFile; fileRef = A1B34675F0EE44769FCE2BC8 /* libGTM_KVO.a */; };
		B44A04D8A141415294B141C0 /* libGTM_NSData+zlib.a in Frameworks */ = {isa = PBXBuildFile; fileRef = A36376D0E5F342DAA90BF039 /* libGTM_NSData+zlib.a */; };
		A22A7AA1E2654F7AA4220672 /* libGTM_NSDictionary+URLArguments.a in Frameworks */ = {isa = PBXBuildFile; fileRef = C372DE136D31469CB0EF81C3 /* libGTM_NSDictionary+URLArguments.a */; };
		C515D19A145244BC88DDE781 /* libGTM_NSScannerJSON.a in Frameworks */ = {isa = PBXBuildFile; fileRef = 20B870F0361A4CBF81833A53 /* libGTM_NSScannerJSON.a */; };
		BE55D54CEF2641FEAEE5604B /* libGTM_NSStringHTML.a in Frameworks */ = {isa = PBXBuildFile; fileRef = 72199847BD4845F2B5386871 /* libGTM_NSStringHTML.a */; };
		05BA1A365CAB42E6B6BA92C6 /* libGTM_NSStringXML.a in Frameworks */ = {isa = PBXBuildFile; fileRef = 1D840F96B27644D0B85490D1 /* libGTM_NSStringXML.a */; };
		C311D0EC51004C10B0EE9346 /* libGTM_Regex.a in Frameworks */ = {isa = PBXBuildFile; fileRef = 30E256B7C4BF481AB6891835 /* libGTM_Regex.a */; };
		BAA15DF82CA441378227618B /* libGTM_RoundedRectPath.a in Frameworks */ = {isa = PBXBuildFile; fileRef = 358428DB52634555B57D3A79 /* libGTM_RoundedRectPath.a */; };
		80F3DC8069B04565BEF947DF /* libGTM_StringEncoding.a in Frameworks */ = {isa = PBXBuildFile; fileRef = 188ACB74DB9A459E88FA6FD6 /* libGTM_StringEncoding.a */; };
		3397A751BDBA4AC4BB1DDCCA /* libGTM_SystemVersion.a in Frameworks */ = {isa = PBXBuildFile; fileRef = ABBDCF3F3037437B8EC09FC6 /* libGTM_SystemVersion.a */; };
		5931E214629F4F2589352C5F /* libGTM_UIFont+LineHeight.a in Frameworks */ = {isa = PBXBuildFile; fileRef = 60B06F4E919F49D684238145 /* libGTM_UIFont+LineHeight.a */; };
		5AC9C6ED02C8491CBF6E092C /* libGTM_core.a in Frameworks */ = {isa = PBXBuildFile; fileRef = 2FA1FFB5A4D643FEB4ED403A /* libGTM_core.a */; };
		D384C720C0CB497996FEB789 /* libGTM_iPhone.a in Frameworks */ = {isa = PBXBuildFile; fileRef = C0138FE5858B4BA68F39B9F6 /* libGTM_iPhone.a */; };
		F2B9B1DC1A6140A6AB350DCB /* libGcmLib.a in Frameworks */ = {isa = PBXBuildFile; fileRef = 8AE0E2D4BC4740A8B966FA73 /* libGcmLib.a */; };
		B31259CA8FB14159849917FA /* libProtocolBuffers.a in Frameworks */ = {isa = PBXBuildFile; fileRef = C815F1107D1647CAABC2D6FF /* libProtocolBuffers.a */; };
		31DCD36D58BE4FF4BCC9793A /* AddressBook.framework in Frameworks */ = {isa = PBXBuildFile; fileRef = A47300231FC74BC0B6C37FFD /* AddressBook.framework */; };
		D99B204DBE9C4D81A65C31BF /* libsqlite3.tbd in Frameworks */ = {isa = PBXBuildFile; fileRef = A44DD974208C49D3B5EA3AB5 /* libsqlite3.tbd */; };
		D7F935F6A78D430B9C418A2A /* libz.tbd in Frameworks */ = {isa = PBXBuildFile; fileRef = 30E3E3CA95DB4252A188F027 /* libz.tbd */; };
		F6127DA761E74928A70BF208 /* CDVDevice.m in Sources */ = {isa = PBXBuildFile; fileRef = 3C8C9B5A3DDB4F9EA768DD06 /* CDVDevice.m */; };
		F7CB7B444F564DA9B1B6A228 /* CDVNotification.m in Sources */ = {isa = PBXBuildFile; fileRef = C1B5001CD70E4FE4B6EC1994 /* CDVNotification.m */; };
		98A696A9C78E4C0E9CE09FE4 /* CDVNotification.bundle in Resources */ = {isa = PBXBuildFile; fileRef = BDF0C7F1C1A7473C9D82A9B3 /* CDVNotification.bundle */; };
		D31B3B620580485AB67E0368 /* AudioToolbox.framework in Frameworks */ = {isa = PBXBuildFile; fileRef = 1C373BB26BFE491EA0E5493E /* AudioToolbox.framework */; settings = {ATTRIBUTES = (Weak, ); }; };
		5F3512BF10FB4241A907E89A /* CDVInAppBrowser.m in Sources */ = {isa = PBXBuildFile; fileRef = 958BC553C6204FBDA6031B3B /* CDVInAppBrowser.m */; };
		8C2EFF90B15547F68E7E87BD /* CDVConnection.m in Sources */ = {isa = PBXBuildFile; fileRef = 9044E4CC0DC84F2A8CF0F80E /* CDVConnection.m */; };
		78E4ADE777D14806BA24B5C0 /* CDVReachability.m in Sources */ = {isa = PBXBuildFile; fileRef = A57EB17C06A547D0B4D4D620 /* CDVReachability.m */; };
		7BD996FA1E944C56BF40089D /* SystemConfiguration.framework in Frameworks */ = {isa = PBXBuildFile; fileRef = B992CEB4E2E34081A9E796B6 /* SystemConfiguration.framework */; settings = {ATTRIBUTES = (Weak, ); }; };
		C0D5A43D30574A93A8AF6576 /* CoreTelephony.framework in Frameworks */ = {isa = PBXBuildFile; fileRef = 7CFD8337538F43D394A18B50 /* CoreTelephony.framework */; };
		EA590BA5D3F94AF5AFF48B37 /* CDVStatusBar.m in Sources */ = {isa = PBXBuildFile; fileRef = B1968E783A084560B9017403 /* CDVStatusBar.m */; };
		AF809665BE1C41E59DA39A11 /* NSString+SSURLEncoding.m in Sources */ = {isa = PBXBuildFile; fileRef = F10B0A94CEF445998973D429 /* NSString+SSURLEncoding.m */; };
		B8DAC820E99E4C5D9320D828 /* SocialSharing.m in Sources */ = {isa = PBXBuildFile; fileRef = EE1AFCF55FAF4EC299A97CAB /* SocialSharing.m */; };
		01E4E9D3497443198A0A9774 /* Social.framework in Frameworks */ = {isa = PBXBuildFile; fileRef = 6FE7F8973E464507B5481460 /* Social.framework */; settings = {ATTRIBUTES = (Weak, ); }; };
		7CDE7699F7C34098A68C99D3 /* MessageUI.framework in Frameworks */ = {isa = PBXBuildFile; fileRef = F849517B422744A283A5CD43 /* MessageUI.framework */; settings = {ATTRIBUTES = (Weak, ); }; };
/* End PBXBuildFile section */

/* Begin PBXContainerItemProxy section */
		301BF534109A57CC0062928A /* PBXContainerItemProxy */ = {
			isa = PBXContainerItemProxy;
			containerPortal = 301BF52D109A57CC0062928A /* CordovaLib.xcodeproj */;
			proxyType = 2;
			remoteGlobalIDString = D2AAC07E0554694100DB518D;
			remoteInfo = CordovaLib;
		};
		301BF550109A68C00062928A /* PBXContainerItemProxy */ = {
			isa = PBXContainerItemProxy;
			containerPortal = 301BF52D109A57CC0062928A /* CordovaLib.xcodeproj */;
			proxyType = 1;
			remoteGlobalIDString = D2AAC07D0554694100DB518D;
			remoteInfo = CordovaLib;
		};
/* End PBXContainerItemProxy section */

/* Begin PBXFileReference section */
		0207DA571B56EA530066E2B4 /* Images.xcassets */ = {isa = PBXFileReference; lastKnownFileType = folder.assetcatalog; name = Images.xcassets; path = "Pedicini Arredamenti/Images.xcassets"; sourceTree = SOURCE_ROOT; };
		1D3623240D0F684500981E51 /* AppDelegate.h */ = {isa = PBXFileReference; fileEncoding = 4; lastKnownFileType = sourcecode.c.h; path = AppDelegate.h; sourceTree = "<group>"; };
		1D3623250D0F684500981E51 /* AppDelegate.m */ = {isa = PBXFileReference; fileEncoding = 4; lastKnownFileType = sourcecode.c.objc; path = AppDelegate.m; sourceTree = "<group>"; };
		1D6058910D05DD3D006BFB54 /* Pedicini Arredamenti.app */ = {isa = PBXFileReference; explicitFileType = wrapper.application; includeInIndex = 0; path = "Pedicini Arredamenti.app"; sourceTree = BUILT_PRODUCTS_DIR; };
		29B97316FDCFA39411CA2CEA /* main.m */ = {isa = PBXFileReference; fileEncoding = 4; lastKnownFileType = sourcecode.c.objc; path = main.m; sourceTree = "<group>"; };
		301BF52D109A57CC0062928A /* CordovaLib.xcodeproj */ = {isa = PBXFileReference; lastKnownFileType = "wrapper.pb-project"; name = CordovaLib.xcodeproj; path = CordovaLib/CordovaLib.xcodeproj; sourceTree = "<group>"; };
		301BF56E109A69640062928A /* www */ = {isa = PBXFileReference; lastKnownFileType = folder; path = www; sourceTree = SOURCE_ROOT; };
		302D95EE14D2391D003F00A1 /* MainViewController.h */ = {isa = PBXFileReference; fileEncoding = 4; lastKnownFileType = sourcecode.c.h; path = MainViewController.h; sourceTree = "<group>"; };
		302D95EF14D2391D003F00A1 /* MainViewController.m */ = {isa = PBXFileReference; fileEncoding = 4; lastKnownFileType = sourcecode.c.objc; path = MainViewController.m; sourceTree = "<group>"; };
		302D95F014D2391D003F00A1 /* MainViewController.xib */ = {isa = PBXFileReference; fileEncoding = 4; lastKnownFileType = file.xib; path = MainViewController.xib; sourceTree = "<group>"; };
		3047A50F1AB8059700498E2A /* build-debug.xcconfig */ = {isa = PBXFileReference; fileEncoding = 4; lastKnownFileType = text.xcconfig; name = "build-debug.xcconfig"; path = cordova/build-debug.xcconfig; sourceTree = SOURCE_ROOT; };
		3047A5101AB8059700498E2A /* build-release.xcconfig */ = {isa = PBXFileReference; fileEncoding = 4; lastKnownFileType = text.xcconfig; name = "build-release.xcconfig"; path = cordova/build-release.xcconfig; sourceTree = SOURCE_ROOT; };
		3047A5111AB8059700498E2A /* build.xcconfig */ = {isa = PBXFileReference; fileEncoding = 4; lastKnownFileType = text.xcconfig; name = build.xcconfig; path = cordova/build.xcconfig; sourceTree = SOURCE_ROOT; };
		32CA4F630368D1EE00C91783 /* Pedicini Arredamenti-Prefix.pch */ = {isa = PBXFileReference; fileEncoding = 4; lastKnownFileType = sourcecode.c.h; path = "Pedicini Arredamenti-Prefix.pch"; sourceTree = "<group>"; };
		6AFF5BF81D6E424B00AB3073 /* CDVLaunchScreen.storyboard */ = {isa = PBXFileReference; fileEncoding = 4; lastKnownFileType = file.storyboard; name = CDVLaunchScreen.storyboard; path = "Pedicini Arredamenti/CDVLaunchScreen.storyboard"; sourceTree = SOURCE_ROOT; };
		8D1107310486CEB800E47090 /* Pedicini Arredamenti-Info.plist */ = {isa = PBXFileReference; fileEncoding = 4; lastKnownFileType = text.plist.xml; name = "Pedicini Arredamenti-Info.plist"; path = "Pedicini Arredamenti/Pedicini Arredamenti-Info.plist"; plistStructureDefinitionIdentifier = "com.apple.xcode.plist.structure-definition.iphone.info-plist"; sourceTree = SOURCE_ROOT; };
		EB87FDF31871DA8E0020F90C /* www */ = {isa = PBXFileReference; lastKnownFileType = folder; name = www; path = ../../www; sourceTree = "<group>"; };
		EB87FDF41871DAF40020F90C /* config.xml */ = {isa = PBXFileReference; lastKnownFileType = text.xml; name = config.xml; path = ../../config.xml; sourceTree = "<group>"; };
		F840E1F0165FE0F500CFE078 /* config.xml */ = {isa = PBXFileReference; lastKnownFileType = text.xml; name = config.xml; path = "Pedicini Arredamenti/config.xml"; sourceTree = "<group>"; };
		ED33DF2A687741AEAF9F8254 /* Bridging-Header.h */ = {isa = PBXFileReference; fileEncoding = 4; lastKnownFileType = sourcecode.c.h; name = "Bridging-Header.h"; path = "Bridging-Header.h"; sourceTree = "<group>"; };
		C242B6FD257A4AF3B1BBB0B1 /* AppDelegate+notification.m */ = {isa = PBXFileReference; name = "AppDelegate+notification.m"; path = "phonegap-plugin-push/AppDelegate+notification.m"; sourceTree = "<group>"; fileEncoding = 4; lastKnownFileType = sourcecode.c.objc; explicitFileType = undefined; includeInIndex = 0; };
		53E28F3CB7FD4886A5C83DF2 /* PushPlugin.m */ = {isa = PBXFileReference; name = "PushPlugin.m"; path = "phonegap-plugin-push/PushPlugin.m"; sourceTree = "<group>"; fileEncoding = 4; lastKnownFileType = sourcecode.c.objc; explicitFileType = undefined; includeInIndex = 0; };
		2A8CC392B7CB4B1481B91AFE /* libGGLCloudMessaging.a */ = {isa = PBXFileReference; name = "libGGLCloudMessaging.a"; path = "Pedicini Arredamenti/Plugins/phonegap-plugin-push/GCM/Libraries/libGGLCloudMessaging.a"; sourceTree = "<group>"; fileEncoding = undefined; lastKnownFileType = archive.ar; explicitFileType = undefined; includeInIndex = 0; };
		B3769A454FF44F85A46C4A11 /* libGGLCore.a */ = {isa = PBXFileReference; name = "libGGLCore.a"; path = "Pedicini Arredamenti/Plugins/phonegap-plugin-push/GCM/Libraries/libGGLCore.a"; sourceTree = "<group>"; fileEncoding = undefined; lastKnownFileType = archive.ar; explicitFileType = undefined; includeInIndex = 0; };
		E67E80396A014A5D8090DBC6 /* libGGLInstanceIDLib.a */ = {isa = PBXFileReference; name = "libGGLInstanceIDLib.a"; path = "Pedicini Arredamenti/Plugins/phonegap-plugin-push/GCM/Libraries/libGGLInstanceIDLib.a"; sourceTree = "<group>"; fileEncoding = undefined; lastKnownFileType = archive.ar; explicitFileType = undefined; includeInIndex = 0; };
		70784A7A29FF46B19C8507CC /* libGIP_Reachability.a */ = {isa = PBXFileReference; name = "libGIP_Reachability.a"; path = "Pedicini Arredamenti/Plugins/phonegap-plugin-push/GCM/Libraries/libGIP_Reachability.a"; sourceTree = "<group>"; fileEncoding = undefined; lastKnownFileType = archive.ar; explicitFileType = undefined; includeInIndex = 0; };
		7A5FA31244384228B22845FF /* libGSDK_Overload.a */ = {isa = PBXFileReference; name = "libGSDK_Overload.a"; path = "Pedicini Arredamenti/Plugins/phonegap-plugin-push/GCM/Libraries/libGSDK_Overload.a"; sourceTree = "<group>"; fileEncoding = undefined; lastKnownFileType = archive.ar; explicitFileType = undefined; includeInIndex = 0; };
		0CB0933832F54CE0BEE5EF81 /* libGTMSessionFetcher_core.a */ = {isa = PBXFileReference; name = "libGTMSessionFetcher_core.a"; path = "Pedicini Arredamenti/Plugins/phonegap-plugin-push/GCM/Libraries/libGTMSessionFetcher_core.a"; sourceTree = "<group>"; fileEncoding = undefined; lastKnownFileType = archive.ar; explicitFileType = undefined; includeInIndex = 0; };
		1A09D74DF40A47C88ED598E1 /* libGTMSessionFetcher_full.a */ = {isa = PBXFileReference; name = "libGTMSessionFetcher_full.a"; path = "Pedicini Arredamenti/Plugins/phonegap-plugin-push/GCM/Libraries/libGTMSessionFetcher_full.a"; sourceTree = "<group>"; fileEncoding = undefined; lastKnownFileType = archive.ar; explicitFileType = undefined; includeInIndex = 0; };
		9B780365A5414DBFAB9A36FA /* libGTMStackTrace.a */ = {isa = PBXFileReference; name = "libGTMStackTrace.a"; path = "Pedicini Arredamenti/Plugins/phonegap-plugin-push/GCM/Libraries/libGTMStackTrace.a"; sourceTree = "<group>"; fileEncoding = undefined; lastKnownFileType = archive.ar; explicitFileType = undefined; includeInIndex = 0; };
		38785E266BD547BE983D2827 /* libGTM_AddressBook.a */ = {isa = PBXFileReference; name = "libGTM_AddressBook.a"; path = "Pedicini Arredamenti/Plugins/phonegap-plugin-push/GCM/Libraries/libGTM_AddressBook.a"; sourceTree = "<group>"; fileEncoding = undefined; lastKnownFileType = archive.ar; explicitFileType = undefined; includeInIndex = 0; };
		438D968956D44CBFA79CC29C /* libGTM_DebugUtils.a */ = {isa = PBXFileReference; name = "libGTM_DebugUtils.a"; path = "Pedicini Arredamenti/Plugins/phonegap-plugin-push/GCM/Libraries/libGTM_DebugUtils.a"; sourceTree = "<group>"; fileEncoding = undefined; lastKnownFileType = archive.ar; explicitFileType = undefined; includeInIndex = 0; };
		6D9D62663E0C4C9083C617D0 /* libGTM_GTMURLBuilder.a */ = {isa = PBXFileReference; name = "libGTM_GTMURLBuilder.a"; path = "Pedicini Arredamenti/Plugins/phonegap-plugin-push/GCM/Libraries/libGTM_GTMURLBuilder.a"; sourceTree = "<group>"; fileEncoding = undefined; lastKnownFileType = archive.ar; explicitFileType = undefined; includeInIndex = 0; };
		A1B34675F0EE44769FCE2BC8 /* libGTM_KVO.a */ = {isa = PBXFileReference; name = "libGTM_KVO.a"; path = "Pedicini Arredamenti/Plugins/phonegap-plugin-push/GCM/Libraries/libGTM_KVO.a"; sourceTree = "<group>"; fileEncoding = undefined; lastKnownFileType = archive.ar; explicitFileType = undefined; includeInIndex = 0; };
		A36376D0E5F342DAA90BF039 /* libGTM_NSData+zlib.a */ = {isa = PBXFileReference; name = "libGTM_NSData+zlib.a"; path = "Pedicini Arredamenti/Plugins/phonegap-plugin-push/GCM/Libraries/libGTM_NSData+zlib.a"; sourceTree = "<group>"; fileEncoding = undefined; lastKnownFileType = archive.ar; explicitFileType = undefined; includeInIndex = 0; };
		C372DE136D31469CB0EF81C3 /* libGTM_NSDictionary+URLArguments.a */ = {isa = PBXFileReference; name = "libGTM_NSDictionary+URLArguments.a"; path = "Pedicini Arredamenti/Plugins/phonegap-plugin-push/GCM/Libraries/libGTM_NSDictionary+URLArguments.a"; sourceTree = "<group>"; fileEncoding = undefined; lastKnownFileType = archive.ar; explicitFileType = undefined; includeInIndex = 0; };
		20B870F0361A4CBF81833A53 /* libGTM_NSScannerJSON.a */ = {isa = PBXFileReference; name = "libGTM_NSScannerJSON.a"; path = "Pedicini Arredamenti/Plugins/phonegap-plugin-push/GCM/Libraries/libGTM_NSScannerJSON.a"; sourceTree = "<group>"; fileEncoding = undefined; lastKnownFileType = archive.ar; explicitFileType = undefined; includeInIndex = 0; };
		72199847BD4845F2B5386871 /* libGTM_NSStringHTML.a */ = {isa = PBXFileReference; name = "libGTM_NSStringHTML.a"; path = "Pedicini Arredamenti/Plugins/phonegap-plugin-push/GCM/Libraries/libGTM_NSStringHTML.a"; sourceTree = "<group>"; fileEncoding = undefined; lastKnownFileType = archive.ar; explicitFileType = undefined; includeInIndex = 0; };
		1D840F96B27644D0B85490D1 /* libGTM_NSStringXML.a */ = {isa = PBXFileReference; name = "libGTM_NSStringXML.a"; path = "Pedicini Arredamenti/Plugins/phonegap-plugin-push/GCM/Libraries/libGTM_NSStringXML.a"; sourceTree = "<group>"; fileEncoding = undefined; lastKnownFileType = archive.ar; explicitFileType = undefined; includeInIndex = 0; };
		30E256B7C4BF481AB6891835 /* libGTM_Regex.a */ = {isa = PBXFileReference; name = "libGTM_Regex.a"; path = "Pedicini Arredamenti/Plugins/phonegap-plugin-push/GCM/Libraries/libGTM_Regex.a"; sourceTree = "<group>"; fileEncoding = undefined; lastKnownFileType = archive.ar; explicitFileType = undefined; includeInIndex = 0; };
		358428DB52634555B57D3A79 /* libGTM_RoundedRectPath.a */ = {isa = PBXFileReference; name = "libGTM_RoundedRectPath.a"; path = "Pedicini Arredamenti/Plugins/phonegap-plugin-push/GCM/Libraries/libGTM_RoundedRectPath.a"; sourceTree = "<group>"; fileEncoding = undefined; lastKnownFileType = archive.ar; explicitFileType = undefined; includeInIndex = 0; };
		188ACB74DB9A459E88FA6FD6 /* libGTM_StringEncoding.a */ = {isa = PBXFileReference; name = "libGTM_StringEncoding.a"; path = "Pedicini Arredamenti/Plugins/phonegap-plugin-push/GCM/Libraries/libGTM_StringEncoding.a"; sourceTree = "<group>"; fileEncoding = undefined; lastKnownFileType = archive.ar; explicitFileType = undefined; includeInIndex = 0; };
		ABBDCF3F3037437B8EC09FC6 /* libGTM_SystemVersion.a */ = {isa = PBXFileReference; name = "libGTM_SystemVersion.a"; path = "Pedicini Arredamenti/Plugins/phonegap-plugin-push/GCM/Libraries/libGTM_SystemVersion.a"; sourceTree = "<group>"; fileEncoding = undefined; lastKnownFileType = archive.ar; explicitFileType = undefined; includeInIndex = 0; };
		60B06F4E919F49D684238145 /* libGTM_UIFont+LineHeight.a */ = {isa = PBXFileReference; name = "libGTM_UIFont+LineHeight.a"; path = "Pedicini Arredamenti/Plugins/phonegap-plugin-push/GCM/Libraries/libGTM_UIFont+LineHeight.a"; sourceTree = "<group>"; fileEncoding = undefined; lastKnownFileType = archive.ar; explicitFileType = undefined; includeInIndex = 0; };
		2FA1FFB5A4D643FEB4ED403A /* libGTM_core.a */ = {isa = PBXFileReference; name = "libGTM_core.a"; path = "Pedicini Arredamenti/Plugins/phonegap-plugin-push/GCM/Libraries/libGTM_core.a"; sourceTree = "<group>"; fileEncoding = undefined; lastKnownFileType = archive.ar; explicitFileType = undefined; includeInIndex = 0; };
		C0138FE5858B4BA68F39B9F6 /* libGTM_iPhone.a */ = {isa = PBXFileReference; name = "libGTM_iPhone.a"; path = "Pedicini Arredamenti/Plugins/phonegap-plugin-push/GCM/Libraries/libGTM_iPhone.a"; sourceTree = "<group>"; fileEncoding = undefined; lastKnownFileType = archive.ar; explicitFileType = undefined; includeInIndex = 0; };
		8AE0E2D4BC4740A8B966FA73 /* libGcmLib.a */ = {isa = PBXFileReference; name = "libGcmLib.a"; path = "Pedicini Arredamenti/Plugins/phonegap-plugin-push/GCM/Libraries/libGcmLib.a"; sourceTree = "<group>"; fileEncoding = undefined; lastKnownFileType = archive.ar; explicitFileType = undefined; includeInIndex = 0; };
		C815F1107D1647CAABC2D6FF /* libProtocolBuffers.a */ = {isa = PBXFileReference; name = "libProtocolBuffers.a"; path = "Pedicini Arredamenti/Plugins/phonegap-plugin-push/GCM/Libraries/libProtocolBuffers.a"; sourceTree = "<group>"; fileEncoding = undefined; lastKnownFileType = archive.ar; explicitFileType = undefined; includeInIndex = 0; };
		A0EFAD219368486EBC201DFD /* AppDelegate+notification.h */ = {isa = PBXFileReference; name = "AppDelegate+notification.h"; path = "phonegap-plugin-push/AppDelegate+notification.h"; sourceTree = "<group>"; fileEncoding = 4; lastKnownFileType = sourcecode.c.h; explicitFileType = undefined; includeInIndex = 0; };
		D9CD5160D5A1480296355958 /* PushPlugin.h */ = {isa = PBXFileReference; name = "PushPlugin.h"; path = "phonegap-plugin-push/PushPlugin.h"; sourceTree = "<group>"; fileEncoding = 4; lastKnownFileType = sourcecode.c.h; explicitFileType = undefined; includeInIndex = 0; };
		EC6116C7677C479381ACE147 /* GGLInstanceID.h */ = {isa = PBXFileReference; name = "GGLInstanceID.h"; path = "phonegap-plugin-push/GCM/Headers/GGLInstanceID.h"; sourceTree = "<group>"; fileEncoding = 4; lastKnownFileType = sourcecode.c.h; explicitFileType = undefined; includeInIndex = 0; };
		B259F27BE7774CB8927FEAC0 /* GGLInstanceIDConfig.h */ = {isa = PBXFileReference; name = "GGLInstanceIDConfig.h"; path = "phonegap-plugin-push/GCM/Headers/GGLInstanceIDConfig.h"; sourceTree = "<group>"; fileEncoding = 4; lastKnownFileType = sourcecode.c.h; explicitFileType = undefined; includeInIndex = 0; };
		0D03162BD66943EAA8AF3004 /* GGLInstanceIDDelegate.h */ = {isa = PBXFileReference; name = "GGLInstanceIDDelegate.h"; path = "phonegap-plugin-push/GCM/Headers/GGLInstanceIDDelegate.h"; sourceTree = "<group>"; fileEncoding = 4; lastKnownFileType = sourcecode.c.h; explicitFileType = undefined; includeInIndex = 0; };
		F0DB3E7CC0C04FC48BC9440E /* GGLInstanceIDHeaders.h */ = {isa = PBXFileReference; name = "GGLInstanceIDHeaders.h"; path = "phonegap-plugin-push/GCM/Headers/GGLInstanceIDHeaders.h"; sourceTree = "<group>"; fileEncoding = 4; lastKnownFileType = sourcecode.c.h; explicitFileType = undefined; includeInIndex = 0; };
		DFD754AE27F94F6A9D3FD574 /* CloudMessaging.h */ = {isa = PBXFileReference; name = "CloudMessaging.h"; path = "phonegap-plugin-push/GCM/Headers/CloudMessaging.h"; sourceTree = "<group>"; fileEncoding = 4; lastKnownFileType = sourcecode.c.h; explicitFileType = undefined; includeInIndex = 0; };
		775C69DD4FD045F998822BDE /* GGLContext+CloudMessaging.h */ = {isa = PBXFileReference; name = "GGLContext+CloudMessaging.h"; path = "phonegap-plugin-push/GCM/Headers/GGLContext+CloudMessaging.h"; sourceTree = "<group>"; fileEncoding = 4; lastKnownFileType = sourcecode.c.h; explicitFileType = undefined; includeInIndex = 0; };
		B23871A3E32644CE83140BB5 /* Core.h */ = {isa = PBXFileReference; name = "Core.h"; path = "phonegap-plugin-push/GCM/Headers/Core.h"; sourceTree = "<group>"; fileEncoding = 4; lastKnownFileType = sourcecode.c.h; explicitFileType = undefined; includeInIndex = 0; };
		8E4C300AC0A047DF992B8C2E /* GGLConfiguration.h */ = {isa = PBXFileReference; name = "GGLConfiguration.h"; path = "phonegap-plugin-push/GCM/Headers/GGLConfiguration.h"; sourceTree = "<group>"; fileEncoding = 4; lastKnownFileType = sourcecode.c.h; explicitFileType = undefined; includeInIndex = 0; };
		CF77BD0B4C1D4A4BBD11CAB2 /* GGLContext.h */ = {isa = PBXFileReference; name = "GGLContext.h"; path = "phonegap-plugin-push/GCM/Headers/GGLContext.h"; sourceTree = "<group>"; fileEncoding = 4; lastKnownFileType = sourcecode.c.h; explicitFileType = undefined; includeInIndex = 0; };
		7EF9FEC207714D71A5C57376 /* GGLErrorCode.h */ = {isa = PBXFileReference; name = "GGLErrorCode.h"; path = "phonegap-plugin-push/GCM/Headers/GGLErrorCode.h"; sourceTree = "<group>"; fileEncoding = 4; lastKnownFileType = sourcecode.c.h; explicitFileType = undefined; includeInIndex = 0; };
		1352A9E73DA04DE3AA46605D /* GCMConfig.h */ = {isa = PBXFileReference; name = "GCMConfig.h"; path = "phonegap-plugin-push/GCM/Headers/GCMConfig.h"; sourceTree = "<group>"; fileEncoding = 4; lastKnownFileType = sourcecode.c.h; explicitFileType = undefined; includeInIndex = 0; };
		1E4E26A6F98D42D7B7E09BDE /* GCMPubSub.h */ = {isa = PBXFileReference; name = "GCMPubSub.h"; path = "phonegap-plugin-push/GCM/Headers/GCMPubSub.h"; sourceTree = "<group>"; fileEncoding = 4; lastKnownFileType = sourcecode.c.h; explicitFileType = undefined; includeInIndex = 0; };
		12890E897C324801BDB076F4 /* GCMReceiverDelegate.h */ = {isa = PBXFileReference; name = "GCMReceiverDelegate.h"; path = "phonegap-plugin-push/GCM/Headers/GCMReceiverDelegate.h"; sourceTree = "<group>"; fileEncoding = 4; lastKnownFileType = sourcecode.c.h; explicitFileType = undefined; includeInIndex = 0; };
		4E05A77CEAE0401AACE228A8 /* GCMService.h */ = {isa = PBXFileReference; name = "GCMService.h"; path = "phonegap-plugin-push/GCM/Headers/GCMService.h"; sourceTree = "<group>"; fileEncoding = 4; lastKnownFileType = sourcecode.c.h; explicitFileType = undefined; includeInIndex = 0; };
		48457FDDE3C54F29AEC4634B /* GoogleCloudMessaging.h */ = {isa = PBXFileReference; name = "GoogleCloudMessaging.h"; path = "phonegap-plugin-push/GCM/Headers/GoogleCloudMessaging.h"; sourceTree = "<group>"; fileEncoding = 4; lastKnownFileType = sourcecode.c.h; explicitFileType = undefined; includeInIndex = 0; };
		A47300231FC74BC0B6C37FFD /* AddressBook.framework */ = {isa = PBXFileReference; name = "AddressBook.framework"; path = "System/Library/Frameworks/AddressBook.framework"; sourceTree = SDKROOT; fileEncoding = undefined; lastKnownFileType = wrapper.framework; explicitFileType = undefined; includeInIndex = 0; };
		A44DD974208C49D3B5EA3AB5 /* libsqlite3.tbd */ = {isa = PBXFileReference; name = "libsqlite3.tbd"; path = "usr/lib/libsqlite3.tbd"; sourceTree = SDKROOT; fileEncoding = undefined; lastKnownFileType = sourcecode.text-based-dylib-definition; explicitFileType = undefined; includeInIndex = 0; };
		30E3E3CA95DB4252A188F027 /* libz.tbd */ = {isa = PBXFileReference; name = "libz.tbd"; path = "usr/lib/libz.tbd"; sourceTree = SDKROOT; fileEncoding = undefined; lastKnownFileType = sourcecode.text-based-dylib-definition; explicitFileType = undefined; includeInIndex = 0; };
		3C8C9B5A3DDB4F9EA768DD06 /* CDVDevice.m */ = {isa = PBXFileReference; name = "CDVDevice.m"; path = "cordova-plugin-device/CDVDevice.m"; sourceTree = "<group>"; fileEncoding = 4; lastKnownFileType = sourcecode.c.objc; explicitFileType = undefined; includeInIndex = 0; };
		3033F7E87F3F4ECAAD712762 /* CDVDevice.h */ = {isa = PBXFileReference; name = "CDVDevice.h"; path = "cordova-plugin-device/CDVDevice.h"; sourceTree = "<group>"; fileEncoding = 4; lastKnownFileType = sourcecode.c.h; explicitFileType = undefined; includeInIndex = 0; };
		C1B5001CD70E4FE4B6EC1994 /* CDVNotification.m */ = {isa = PBXFileReference; name = "CDVNotification.m"; path = "cordova-plugin-dialogs/CDVNotification.m"; sourceTree = "<group>"; fileEncoding = 4; lastKnownFileType = sourcecode.c.objc; explicitFileType = undefined; includeInIndex = 0; };
		BBF54F9E1B064FB0A473716A /* CDVNotification.h */ = {isa = PBXFileReference; name = "CDVNotification.h"; path = "cordova-plugin-dialogs/CDVNotification.h"; sourceTree = "<group>"; fileEncoding = 4; lastKnownFileType = sourcecode.c.h; explicitFileType = undefined; includeInIndex = 0; };
		BDF0C7F1C1A7473C9D82A9B3 /* CDVNotification.bundle */ = {isa = PBXFileReference; name = "CDVNotification.bundle"; path = "CDVNotification.bundle"; sourceTree = "<group>"; fileEncoding = undefined; lastKnownFileType = wrapper.plug-in; explicitFileType = undefined; includeInIndex = 0; };
		1C373BB26BFE491EA0E5493E /* AudioToolbox.framework */ = {isa = PBXFileReference; name = "AudioToolbox.framework"; path = "System/Library/Frameworks/AudioToolbox.framework"; sourceTree = SDKROOT; fileEncoding = undefined; lastKnownFileType = wrapper.framework; explicitFileType = undefined; includeInIndex = 0; };
		958BC553C6204FBDA6031B3B /* CDVInAppBrowser.m */ = {isa = PBXFileReference; name = "CDVInAppBrowser.m"; path = "cordova-plugin-inappbrowser/CDVInAppBrowser.m"; sourceTree = "<group>"; fileEncoding = 4; lastKnownFileType = sourcecode.c.objc; explicitFileType = undefined; includeInIndex = 0; };
		42FC77C1CBAC422ABD89B61C /* CDVInAppBrowser.h */ = {isa = PBXFileReference; name = "CDVInAppBrowser.h"; path = "cordova-plugin-inappbrowser/CDVInAppBrowser.h"; sourceTree = "<group>"; fileEncoding = 4; lastKnownFileType = sourcecode.c.h; explicitFileType = undefined; includeInIndex = 0; };
		9044E4CC0DC84F2A8CF0F80E /* CDVConnection.m */ = {isa = PBXFileReference; name = "CDVConnection.m"; path = "cordova-plugin-network-information/CDVConnection.m"; sourceTree = "<group>"; fileEncoding = 4; lastKnownFileType = sourcecode.c.objc; explicitFileType = undefined; includeInIndex = 0; };
		A57EB17C06A547D0B4D4D620 /* CDVReachability.m */ = {isa = PBXFileReference; name = "CDVReachability.m"; path = "cordova-plugin-network-information/CDVReachability.m"; sourceTree = "<group>"; fileEncoding = 4; lastKnownFileType = sourcecode.c.objc; explicitFileType = undefined; includeInIndex = 0; };
		B4A05DD4A25844C483A54712 /* CDVConnection.h */ = {isa = PBXFileReference; name = "CDVConnection.h"; path = "cordova-plugin-network-information/CDVConnection.h"; sourceTree = "<group>"; fileEncoding = 4; lastKnownFileType = sourcecode.c.h; explicitFileType = undefined; includeInIndex = 0; };
		3C9294FFD33C4B22860BC80C /* CDVReachability.h */ = {isa = PBXFileReference; name = "CDVReachability.h"; path = "cordova-plugin-network-information/CDVReachability.h"; sourceTree = "<group>"; fileEncoding = 4; lastKnownFileType = sourcecode.c.h; explicitFileType = undefined; includeInIndex = 0; };
		B992CEB4E2E34081A9E796B6 /* SystemConfiguration.framework */ = {isa = PBXFileReference; name = "SystemConfiguration.framework"; path = "System/Library/Frameworks/SystemConfiguration.framework"; sourceTree = SDKROOT; fileEncoding = undefined; lastKnownFileType = wrapper.framework; explicitFileType = undefined; includeInIndex = 0; };
		7CFD8337538F43D394A18B50 /* CoreTelephony.framework */ = {isa = PBXFileReference; name = "CoreTelephony.framework"; path = "System/Library/Frameworks/CoreTelephony.framework"; sourceTree = SDKROOT; fileEncoding = undefined; lastKnownFileType = wrapper.framework; explicitFileType = undefined; includeInIndex = 0; };
		B1968E783A084560B9017403 /* CDVStatusBar.m */ = {isa = PBXFileReference; name = "CDVStatusBar.m"; path = "cordova-plugin-statusbar/CDVStatusBar.m"; sourceTree = "<group>"; fileEncoding = 4; lastKnownFileType = sourcecode.c.objc; explicitFileType = undefined; includeInIndex = 0; };
		A7981FBB2A0E42BA8ADC55E6 /* CDVStatusBar.h */ = {isa = PBXFileReference; name = "CDVStatusBar.h"; path = "cordova-plugin-statusbar/CDVStatusBar.h"; sourceTree = "<group>"; fileEncoding = 4; lastKnownFileType = sourcecode.c.h; explicitFileType = undefined; includeInIndex = 0; };
		F10B0A94CEF445998973D429 /* NSString+SSURLEncoding.m */ = {isa = PBXFileReference; name = "NSString+SSURLEncoding.m"; path = "cordova-plugin-x-socialsharing/NSString+SSURLEncoding.m"; sourceTree = "<group>"; fileEncoding = 4; lastKnownFileType = sourcecode.c.objc; explicitFileType = undefined; includeInIndex = 0; };
		EE1AFCF55FAF4EC299A97CAB /* SocialSharing.m */ = {isa = PBXFileReference; name = "SocialSharing.m"; path = "cordova-plugin-x-socialsharing/SocialSharing.m"; sourceTree = "<group>"; fileEncoding = 4; lastKnownFileType = sourcecode.c.objc; explicitFileType = undefined; includeInIndex = 0; };
		E982FDBADC4A46D195D69F56 /* NSString+SSURLEncoding.h */ = {isa = PBXFileReference; name = "NSString+SSURLEncoding.h"; path = "cordova-plugin-x-socialsharing/NSString+SSURLEncoding.h"; sourceTree = "<group>"; fileEncoding = 4; lastKnownFileType = sourcecode.c.h; explicitFileType = undefined; includeInIndex = 0; };
		F62F5510F6C5446F9C0640CD /* SocialSharing.h */ = {isa = PBXFileReference; name = "SocialSharing.h"; path = "cordova-plugin-x-socialsharing/SocialSharing.h"; sourceTree = "<group>"; fileEncoding = 4; lastKnownFileType = sourcecode.c.h; explicitFileType = undefined; includeInIndex = 0; };
		6FE7F8973E464507B5481460 /* Social.framework */ = {isa = PBXFileReference; name = "Social.framework"; path = "System/Library/Frameworks/Social.framework"; sourceTree = SDKROOT; fileEncoding = undefined; lastKnownFileType = wrapper.framework; explicitFileType = undefined; includeInIndex = 0; };
		F849517B422744A283A5CD43 /* MessageUI.framework */ = {isa = PBXFileReference; name = "MessageUI.framework"; path = "System/Library/Frameworks/MessageUI.framework"; sourceTree = SDKROOT; fileEncoding = undefined; lastKnownFileType = wrapper.framework; explicitFileType = undefined; includeInIndex = 0; };
/* End PBXFileReference section */

/* Begin PBXFrameworksBuildPhase section */
		1D60588F0D05DD3D006BFB54 /* Frameworks */ = {
			isa = PBXFrameworksBuildPhase;
			buildActionMask = 2147483647;
			files = (
				301BF552109A68D80062928A /* libCordova.a in Frameworks */,
				FBEEAC3B2FE1474FA18E58D8 /* libGGLCloudMessaging.a in Frameworks */,
				C71ABB54C6E643A0B3D96365 /* libGGLCore.a in Frameworks */,
				D45CA132C2E3495C876BB04E /* libGGLInstanceIDLib.a in Frameworks */,
				2E7C6620909F49029E002ADD /* libGIP_Reachability.a in Frameworks */,
				995CC429890E4385AAB2C739 /* libGSDK_Overload.a in Frameworks */,
				6645A46DDDE14470A902271D /* libGTMSessionFetcher_core.a in Frameworks */,
				AE807C49D8374AFE92A9A6AA /* libGTMSessionFetcher_full.a in Frameworks */,
				1312635B463B43A88E450439 /* libGTMStackTrace.a in Frameworks */,
				E49C07E5B12040738B7EB4E3 /* libGTM_AddressBook.a in Frameworks */,
				3EED90F962F54C28A72CF199 /* libGTM_DebugUtils.a in Frameworks */,
				6746BE84F9684A4BB349036B /* libGTM_GTMURLBuilder.a in Frameworks */,
				3FBE8A842752490DA07D8768 /* libGTM_KVO.a in Frameworks */,
				B44A04D8A141415294B141C0 /* libGTM_NSData+zlib.a in Frameworks */,
				A22A7AA1E2654F7AA4220672 /* libGTM_NSDictionary+URLArguments.a in Frameworks */,
				C515D19A145244BC88DDE781 /* libGTM_NSScannerJSON.a in Frameworks */,
				BE55D54CEF2641FEAEE5604B /* libGTM_NSStringHTML.a in Frameworks */,
				05BA1A365CAB42E6B6BA92C6 /* libGTM_NSStringXML.a in Frameworks */,
				C311D0EC51004C10B0EE9346 /* libGTM_Regex.a in Frameworks */,
				BAA15DF82CA441378227618B /* libGTM_RoundedRectPath.a in Frameworks */,
				80F3DC8069B04565BEF947DF /* libGTM_StringEncoding.a in Frameworks */,
				3397A751BDBA4AC4BB1DDCCA /* libGTM_SystemVersion.a in Frameworks */,
				5931E214629F4F2589352C5F /* libGTM_UIFont+LineHeight.a in Frameworks */,
				5AC9C6ED02C8491CBF6E092C /* libGTM_core.a in Frameworks */,
				D384C720C0CB497996FEB789 /* libGTM_iPhone.a in Frameworks */,
				F2B9B1DC1A6140A6AB350DCB /* libGcmLib.a in Frameworks */,
				B31259CA8FB14159849917FA /* libProtocolBuffers.a in Frameworks */,
				31DCD36D58BE4FF4BCC9793A /* AddressBook.framework in Frameworks */,
				D99B204DBE9C4D81A65C31BF /* libsqlite3.tbd in Frameworks */,
				D7F935F6A78D430B9C418A2A /* libz.tbd in Frameworks */,
				D31B3B620580485AB67E0368 /* AudioToolbox.framework in Frameworks */,
				7BD996FA1E944C56BF40089D /* SystemConfiguration.framework in Frameworks */,
				C0D5A43D30574A93A8AF6576 /* CoreTelephony.framework in Frameworks */,
				01E4E9D3497443198A0A9774 /* Social.framework in Frameworks */,
				7CDE7699F7C34098A68C99D3 /* MessageUI.framework in Frameworks */,
			);
			runOnlyForDeploymentPostprocessing = 0;
		};
/* End PBXFrameworksBuildPhase section */

/* Begin PBXGroup section */
		080E96DDFE201D6D7F000001 /* Classes */ = {
			isa = PBXGroup;
			children = (
				302D95EE14D2391D003F00A1 /* MainViewController.h */,
				302D95EF14D2391D003F00A1 /* MainViewController.m */,
				302D95F014D2391D003F00A1 /* MainViewController.xib */,
				1D3623240D0F684500981E51 /* AppDelegate.h */,
				1D3623250D0F684500981E51 /* AppDelegate.m */,
			);
			name = Classes;
			path = "Pedicini Arredamenti/Classes";
			sourceTree = SOURCE_ROOT;
		};
		19C28FACFE9D520D11CA2CBB /* Products */ = {
			isa = PBXGroup;
			children = (
				1D6058910D05DD3D006BFB54 /* Pedicini Arredamenti.app */,
			);
			name = Products;
			sourceTree = "<group>";
		};
		29B97314FDCFA39411CA2CEA /* CustomTemplate */ = {
			isa = PBXGroup;
			children = (
				EB87FDF41871DAF40020F90C /* config.xml */,
				EB87FDF31871DA8E0020F90C /* www */,
				EB87FDF11871DA420020F90C /* Staging */,
				301BF52D109A57CC0062928A /* CordovaLib.xcodeproj */,
				080E96DDFE201D6D7F000001 /* Classes */,
				307C750510C5A3420062BCA9 /* Plugins */,
				29B97315FDCFA39411CA2CEA /* Other Sources */,
				29B97317FDCFA39411CA2CEA /* Resources */,
				29B97323FDCFA39411CA2CEA /* Frameworks */,
				19C28FACFE9D520D11CA2CBB /* Products */,
			);
			name = CustomTemplate;
			sourceTree = "<group>";
		};
		29B97315FDCFA39411CA2CEA /* Other Sources */ = {
			isa = PBXGroup;
			children = (
				32CA4F630368D1EE00C91783 /* Pedicini Arredamenti-Prefix.pch */,
				29B97316FDCFA39411CA2CEA /* main.m */,
				ED33DF2A687741AEAF9F8254 /* Bridging-Header.h */,
			);
			name = "Other Sources";
			path = "Pedicini Arredamenti";
			sourceTree = "<group>";
		};
		29B97317FDCFA39411CA2CEA /* Resources */ = {
			isa = PBXGroup;
			children = (
				0207DA571B56EA530066E2B4 /* Images.xcassets */,
				3047A50E1AB8057F00498E2A /* config */,
				8D1107310486CEB800E47090 /* Pedicini Arredamenti-Info.plist */,
				6AFF5BF81D6E424B00AB3073 /* CDVLaunchScreen.storyboard */,
				BDF0C7F1C1A7473C9D82A9B3 /* CDVNotification.bundle */,
			);
			name = Resources;
			path = "Pedicini Arredamenti/Resources";
			sourceTree = "<group>";
		};
		29B97323FDCFA39411CA2CEA /* Frameworks */ = {
			isa = PBXGroup;
			children = (
				2A8CC392B7CB4B1481B91AFE /* libGGLCloudMessaging.a */,
				B3769A454FF44F85A46C4A11 /* libGGLCore.a */,
				E67E80396A014A5D8090DBC6 /* libGGLInstanceIDLib.a */,
				70784A7A29FF46B19C8507CC /* libGIP_Reachability.a */,
				7A5FA31244384228B22845FF /* libGSDK_Overload.a */,
				0CB0933832F54CE0BEE5EF81 /* libGTMSessionFetcher_core.a */,
				1A09D74DF40A47C88ED598E1 /* libGTMSessionFetcher_full.a */,
				9B780365A5414DBFAB9A36FA /* libGTMStackTrace.a */,
				38785E266BD547BE983D2827 /* libGTM_AddressBook.a */,
				438D968956D44CBFA79CC29C /* libGTM_DebugUtils.a */,
				6D9D62663E0C4C9083C617D0 /* libGTM_GTMURLBuilder.a */,
				A1B34675F0EE44769FCE2BC8 /* libGTM_KVO.a */,
				A36376D0E5F342DAA90BF039 /* libGTM_NSData+zlib.a */,
				C372DE136D31469CB0EF81C3 /* libGTM_NSDictionary+URLArguments.a */,
				20B870F0361A4CBF81833A53 /* libGTM_NSScannerJSON.a */,
				72199847BD4845F2B5386871 /* libGTM_NSStringHTML.a */,
				1D840F96B27644D0B85490D1 /* libGTM_NSStringXML.a */,
				30E256B7C4BF481AB6891835 /* libGTM_Regex.a */,
				358428DB52634555B57D3A79 /* libGTM_RoundedRectPath.a */,
				188ACB74DB9A459E88FA6FD6 /* libGTM_StringEncoding.a */,
				ABBDCF3F3037437B8EC09FC6 /* libGTM_SystemVersion.a */,
				60B06F4E919F49D684238145 /* libGTM_UIFont+LineHeight.a */,
				2FA1FFB5A4D643FEB4ED403A /* libGTM_core.a */,
				C0138FE5858B4BA68F39B9F6 /* libGTM_iPhone.a */,
				8AE0E2D4BC4740A8B966FA73 /* libGcmLib.a */,
				C815F1107D1647CAABC2D6FF /* libProtocolBuffers.a */,
				A47300231FC74BC0B6C37FFD /* AddressBook.framework */,
				A44DD974208C49D3B5EA3AB5 /* libsqlite3.tbd */,
				30E3E3CA95DB4252A188F027 /* libz.tbd */,
				1C373BB26BFE491EA0E5493E /* AudioToolbox.framework */,
				B992CEB4E2E34081A9E796B6 /* SystemConfiguration.framework */,
				7CFD8337538F43D394A18B50 /* CoreTelephony.framework */,
				6FE7F8973E464507B5481460 /* Social.framework */,
				F849517B422744A283A5CD43 /* MessageUI.framework */,
			);
			name = Frameworks;
			sourceTree = "<group>";
		};
		301BF52E109A57CC0062928A /* Products */ = {
			isa = PBXGroup;
			children = (
				301BF535109A57CC0062928A /* libCordova.a */,
			);
			name = Products;
			sourceTree = "<group>";
		};
		3047A50E1AB8057F00498E2A /* config */ = {
			isa = PBXGroup;
			children = (
				3047A50F1AB8059700498E2A /* build-debug.xcconfig */,
				3047A5101AB8059700498E2A /* build-release.xcconfig */,
				3047A5111AB8059700498E2A /* build.xcconfig */,
			);
			name = config;
			sourceTree = "<group>";
		};
		307C750510C5A3420062BCA9 /* Plugins */ = {
			isa = PBXGroup;
			children = (
				C242B6FD257A4AF3B1BBB0B1 /* AppDelegate+notification.m */,
				53E28F3CB7FD4886A5C83DF2 /* PushPlugin.m */,
				A0EFAD219368486EBC201DFD /* AppDelegate+notification.h */,
				D9CD5160D5A1480296355958 /* PushPlugin.h */,
				EC6116C7677C479381ACE147 /* GGLInstanceID.h */,
				B259F27BE7774CB8927FEAC0 /* GGLInstanceIDConfig.h */,
				0D03162BD66943EAA8AF3004 /* GGLInstanceIDDelegate.h */,
				F0DB3E7CC0C04FC48BC9440E /* GGLInstanceIDHeaders.h */,
				DFD754AE27F94F6A9D3FD574 /* CloudMessaging.h */,
				775C69DD4FD045F998822BDE /* GGLContext+CloudMessaging.h */,
				B23871A3E32644CE83140BB5 /* Core.h */,
				8E4C300AC0A047DF992B8C2E /* GGLConfiguration.h */,
				CF77BD0B4C1D4A4BBD11CAB2 /* GGLContext.h */,
				7EF9FEC207714D71A5C57376 /* GGLErrorCode.h */,
				1352A9E73DA04DE3AA46605D /* GCMConfig.h */,
				1E4E26A6F98D42D7B7E09BDE /* GCMPubSub.h */,
				12890E897C324801BDB076F4 /* GCMReceiverDelegate.h */,
				4E05A77CEAE0401AACE228A8 /* GCMService.h */,
				48457FDDE3C54F29AEC4634B /* GoogleCloudMessaging.h */,
				3C8C9B5A3DDB4F9EA768DD06 /* CDVDevice.m */,
				3033F7E87F3F4ECAAD712762 /* CDVDevice.h */,
				C1B5001CD70E4FE4B6EC1994 /* CDVNotification.m */,
				BBF54F9E1B064FB0A473716A /* CDVNotification.h */,
				958BC553C6204FBDA6031B3B /* CDVInAppBrowser.m */,
				42FC77C1CBAC422ABD89B61C /* CDVInAppBrowser.h */,
				9044E4CC0DC84F2A8CF0F80E /* CDVConnection.m */,
				A57EB17C06A547D0B4D4D620 /* CDVReachability.m */,
				B4A05DD4A25844C483A54712 /* CDVConnection.h */,
				3C9294FFD33C4B22860BC80C /* CDVReachability.h */,
				B1968E783A084560B9017403 /* CDVStatusBar.m */,
				A7981FBB2A0E42BA8ADC55E6 /* CDVStatusBar.h */,
				F10B0A94CEF445998973D429 /* NSString+SSURLEncoding.m */,
				EE1AFCF55FAF4EC299A97CAB /* SocialSharing.m */,
				E982FDBADC4A46D195D69F56 /* NSString+SSURLEncoding.h */,
				F62F5510F6C5446F9C0640CD /* SocialSharing.h */,
			);
			name = Plugins;
			path = "Pedicini Arredamenti/Plugins";
			sourceTree = SOURCE_ROOT;
		};
		EB87FDF11871DA420020F90C /* Staging */ = {
			isa = PBXGroup;
			children = (
				F840E1F0165FE0F500CFE078 /* config.xml */,
				301BF56E109A69640062928A /* www */,
			);
			name = Staging;
			sourceTree = "<group>";
		};
/* End PBXGroup section */

/* Begin PBXNativeTarget section */
		1D6058900D05DD3D006BFB54 /* Pedicini Arredamenti */ = {
			isa = PBXNativeTarget;
			buildConfigurationList = 1D6058960D05DD3E006BFB54 /* Build configuration list for PBXNativeTarget "Pedicini Arredamenti" */;
			buildPhases = (
				304B58A110DAC018002A0835 /* Copy www directory */,
				1D60588D0D05DD3D006BFB54 /* Resources */,
				1D60588E0D05DD3D006BFB54 /* Sources */,
				1D60588F0D05DD3D006BFB54 /* Frameworks */,
			);
			buildRules = (
			);
			dependencies = (
				301BF551109A68C00062928A /* PBXTargetDependency */,
			);
			name = "Pedicini Arredamenti";
			productName = "Pedicini Arredamenti";
			productReference = 1D6058910D05DD3D006BFB54 /* Pedicini Arredamenti.app */;
			productType = "com.apple.product-type.application";
		};
/* End PBXNativeTarget section */

/* Begin PBXProject section */
		29B97313FDCFA39411CA2CEA /* Project object */ = {
			isa = PBXProject;
			attributes = {
				LastUpgradeCheck = 510;
			};
			buildConfigurationList = C01FCF4E08A954540054247B /* Build configuration list for PBXProject "__NON-CLI__" */;
			compatibilityVersion = "Xcode 3.2";
			developmentRegion = English;
			hasScannedForEncodings = 1;
			mainGroup = 29B97314FDCFA39411CA2CEA /* CustomTemplate */;
			projectDirPath = "";
			projectReferences = (
				{
					ProductGroup = 301BF52E109A57CC0062928A /* Products */;
					ProjectRef = 301BF52D109A57CC0062928A /* CordovaLib.xcodeproj */;
				},
			);
			projectRoot = "";
			targets = (
				1D6058900D05DD3D006BFB54 /* Pedicini Arredamenti */,
			);
		};
/* End PBXProject section */

/* Begin PBXReferenceProxy section */
		301BF535109A57CC0062928A /* libCordova.a */ = {
			isa = PBXReferenceProxy;
			fileType = archive.ar;
			path = libCordova.a;
			remoteRef = 301BF534109A57CC0062928A /* PBXContainerItemProxy */;
			sourceTree = BUILT_PRODUCTS_DIR;
		};
/* End PBXReferenceProxy section */

/* Begin PBXResourcesBuildPhase section */
		1D60588D0D05DD3D006BFB54 /* Resources */ = {
			isa = PBXResourcesBuildPhase;
			buildActionMask = 2147483647;
			files = (
				302D95F214D2391D003F00A1 /* MainViewController.xib in Resources */,
				0207DA581B56EA530066E2B4 /* Images.xcassets in Resources */,
				6AFF5BF91D6E424B00AB3073 /* CDVLaunchScreen.storyboard in Resources */,
				98A696A9C78E4C0E9CE09FE4 /* CDVNotification.bundle in Resources */,
			);
			runOnlyForDeploymentPostprocessing = 0;
		};
/* End PBXResourcesBuildPhase section */

/* Begin PBXShellScriptBuildPhase section */
		304B58A110DAC018002A0835 /* Copy www directory */ = {
			isa = PBXShellScriptBuildPhase;
			buildActionMask = 2147483647;
			files = (
			);
			inputPaths = (
			);
			name = "Copy www directory";
			outputPaths = (
			);
			runOnlyForDeploymentPostprocessing = 0;
			shellPath = /bin/sh;
			shellScript = "NODEJS_PATH=/usr/local/bin; NVM_NODE_PATH=~/.nvm/versions/node/`nvm version 2>/dev/null`/bin; N_NODE_PATH=`find /usr/local/n/versions/node/* -maxdepth 0 -type d 2>/dev/null | tail -1`/bin; XCODE_NODE_PATH=`xcode-select --print-path`/usr/share/xcs/Node/bin; PATH=$NODEJS_PATH:$NVM_NODE_PATH:$N_NODE_PATH:$XCODE_NODE_PATH:$PATH && node cordova/lib/copy-www-build-step.js";
			showEnvVarsInLog = 0;
		};
/* End PBXShellScriptBuildPhase section */

/* Begin PBXSourcesBuildPhase section */
		1D60588E0D05DD3D006BFB54 /* Sources */ = {
			isa = PBXSourcesBuildPhase;
			buildActionMask = 2147483647;
			files = (
				1D60589B0D05DD56006BFB54 /* main.m in Sources */,
				1D3623260D0F684500981E51 /* AppDelegate.m in Sources */,
				302D95F114D2391D003F00A1 /* MainViewController.m in Sources */,
				DE2CD7C91BD240CBA8D921D6 /* AppDelegate+notification.m in Sources */,
				DE777DFF356A43D8A0D51C28 /* PushPlugin.m in Sources */,
				F6127DA761E74928A70BF208 /* CDVDevice.m in Sources */,
				F7CB7B444F564DA9B1B6A228 /* CDVNotification.m in Sources */,
				5F3512BF10FB4241A907E89A /* CDVInAppBrowser.m in Sources */,
				8C2EFF90B15547F68E7E87BD /* CDVConnection.m in Sources */,
				78E4ADE777D14806BA24B5C0 /* CDVReachability.m in Sources */,
				EA590BA5D3F94AF5AFF48B37 /* CDVStatusBar.m in Sources */,
				AF809665BE1C41E59DA39A11 /* NSString+SSURLEncoding.m in Sources */,
				B8DAC820E99E4C5D9320D828 /* SocialSharing.m in Sources */,
			);
			runOnlyForDeploymentPostprocessing = 0;
		};
/* End PBXSourcesBuildPhase section */

/* Begin PBXTargetDependency section */
		301BF551109A68C00062928A /* PBXTargetDependency */ = {
			isa = PBXTargetDependency;
			name = CordovaLib;
			targetProxy = 301BF550109A68C00062928A /* PBXContainerItemProxy */;
		};
/* End PBXTargetDependency section */

/* Begin XCBuildConfiguration section */
		1D6058940D05DD3E006BFB54 /* Debug */ = {
			isa = XCBuildConfiguration;
			baseConfigurationReference = 3047A50F1AB8059700498E2A /* build-debug.xcconfig */;
			buildSettings = {
				ALWAYS_SEARCH_USER_PATHS = NO;
				ASSETCATALOG_COMPILER_APPICON_NAME = AppIcon;
				ASSETCATALOG_COMPILER_LAUNCHIMAGE_NAME = LaunchImage;
				CLANG_ENABLE_MODULES = YES;
				CLANG_ENABLE_OBJC_ARC = YES;
				COPY_PHASE_STRIP = NO;
				GCC_DYNAMIC_NO_PIC = NO;
				GCC_OPTIMIZATION_LEVEL = 0;
				GCC_PRECOMPILE_PREFIX_HEADER = YES;
				GCC_PREFIX_HEADER = "Pedicini Arredamenti/Pedicini Arredamenti-Prefix.pch";
				GCC_THUMB_SUPPORT = NO;
				GCC_VERSION = "";
				INFOPLIST_FILE = "Pedicini Arredamenti/Pedicini Arredamenti-Info.plist";
				IPHONEOS_DEPLOYMENT_TARGET = 8.0;
				LD_RUNPATH_SEARCH_PATHS = "@executable_path/Frameworks";
				TARGETED_DEVICE_FAMILY = "1,2";
				PRODUCT_NAME = "Pedicini Arredamenti";
				LIBRARY_SEARCH_PATHS = (
					"$(inherited)",
					"\"$(SRCROOT)/Pedicini Arredamenti/Plugins/phonegap-plugin-push/GCM/Libraries\"",
					"\"$(SRCROOT)/Pedicini Arredamenti/Plugins/phonegap-plugin-push/GCM/Libraries\"",
					"\"$(SRCROOT)/Pedicini Arredamenti/Plugins/phonegap-plugin-push/GCM/Libraries\"",
					"\"$(SRCROOT)/Pedicini Arredamenti/Plugins/phonegap-plugin-push/GCM/Libraries\"",
					"\"$(SRCROOT)/Pedicini Arredamenti/Plugins/phonegap-plugin-push/GCM/Libraries\"",
					"\"$(SRCROOT)/Pedicini Arredamenti/Plugins/phonegap-plugin-push/GCM/Libraries\"",
					"\"$(SRCROOT)/Pedicini Arredamenti/Plugins/phonegap-plugin-push/GCM/Libraries\"",
					"\"$(SRCROOT)/Pedicini Arredamenti/Plugins/phonegap-plugin-push/GCM/Libraries\"",
					"\"$(SRCROOT)/Pedicini Arredamenti/Plugins/phonegap-plugin-push/GCM/Libraries\"",
					"\"$(SRCROOT)/Pedicini Arredamenti/Plugins/phonegap-plugin-push/GCM/Libraries\"",
					"\"$(SRCROOT)/Pedicini Arredamenti/Plugins/phonegap-plugin-push/GCM/Libraries\"",
					"\"$(SRCROOT)/Pedicini Arredamenti/Plugins/phonegap-plugin-push/GCM/Libraries\"",
					"\"$(SRCROOT)/Pedicini Arredamenti/Plugins/phonegap-plugin-push/GCM/Libraries\"",
					"\"$(SRCROOT)/Pedicini Arredamenti/Plugins/phonegap-plugin-push/GCM/Libraries\"",
					"\"$(SRCROOT)/Pedicini Arredamenti/Plugins/phonegap-plugin-push/GCM/Libraries\"",
					"\"$(SRCROOT)/Pedicini Arredamenti/Plugins/phonegap-plugin-push/GCM/Libraries\"",
					"\"$(SRCROOT)/Pedicini Arredamenti/Plugins/phonegap-plugin-push/GCM/Libraries\"",
					"\"$(SRCROOT)/Pedicini Arredamenti/Plugins/phonegap-plugin-push/GCM/Libraries\"",
					"\"$(SRCROOT)/Pedicini Arredamenti/Plugins/phonegap-plugin-push/GCM/Libraries\"",
					"\"$(SRCROOT)/Pedicini Arredamenti/Plugins/phonegap-plugin-push/GCM/Libraries\"",
					"\"$(SRCROOT)/Pedicini Arredamenti/Plugins/phonegap-plugin-push/GCM/Libraries\"",
					"\"$(SRCROOT)/Pedicini Arredamenti/Plugins/phonegap-plugin-push/GCM/Libraries\"",
					"\"$(SRCROOT)/Pedicini Arredamenti/Plugins/phonegap-plugin-push/GCM/Libraries\"",
					"\"$(SRCROOT)/Pedicini Arredamenti/Plugins/phonegap-plugin-push/GCM/Libraries\"",
					"\"$(SRCROOT)/Pedicini Arredamenti/Plugins/phonegap-plugin-push/GCM/Libraries\"",
					"\"$(SRCROOT)/Pedicini Arredamenti/Plugins/phonegap-plugin-push/GCM/Libraries\"",
				);
			};
			name = Debug;
		};
		1D6058950D05DD3E006BFB54 /* Release */ = {
			isa = XCBuildConfiguration;
			baseConfigurationReference = 3047A5101AB8059700498E2A /* build-release.xcconfig */;
			buildSettings = {
				ALWAYS_SEARCH_USER_PATHS = NO;
				ASSETCATALOG_COMPILER_APPICON_NAME = AppIcon;
				ASSETCATALOG_COMPILER_LAUNCHIMAGE_NAME = LaunchImage;
				CLANG_ENABLE_MODULES = YES;
				CLANG_ENABLE_OBJC_ARC = YES;
				COPY_PHASE_STRIP = YES;
				GCC_PRECOMPILE_PREFIX_HEADER = YES;
				GCC_PREFIX_HEADER = "Pedicini Arredamenti/Pedicini Arredamenti-Prefix.pch";
				GCC_THUMB_SUPPORT = NO;
				GCC_VERSION = "";
				INFOPLIST_FILE = "Pedicini Arredamenti/Pedicini Arredamenti-Info.plist";
				IPHONEOS_DEPLOYMENT_TARGET = 8.0;
				LD_RUNPATH_SEARCH_PATHS = "@executable_path/Frameworks";
				TARGETED_DEVICE_FAMILY = "1,2";
				PRODUCT_NAME = "Pedicini Arredamenti";
				LIBRARY_SEARCH_PATHS = (
					"$(inherited)",
					"\"$(SRCROOT)/Pedicini Arredamenti/Plugins/phonegap-plugin-push/GCM/Libraries\"",
					"\"$(SRCROOT)/Pedicini Arredamenti/Plugins/phonegap-plugin-push/GCM/Libraries\"",
					"\"$(SRCROOT)/Pedicini Arredamenti/Plugins/phonegap-plugin-push/GCM/Libraries\"",
					"\"$(SRCROOT)/Pedicini Arredamenti/Plugins/phonegap-plugin-push/GCM/Libraries\"",
					"\"$(SRCROOT)/Pedicini Arredamenti/Plugins/phonegap-plugin-push/GCM/Libraries\"",
					"\"$(SRCROOT)/Pedicini Arredamenti/Plugins/phonegap-plugin-push/GCM/Libraries\"",
					"\"$(SRCROOT)/Pedicini Arredamenti/Plugins/phonegap-plugin-push/GCM/Libraries\"",
					"\"$(SRCROOT)/Pedicini Arredamenti/Plugins/phonegap-plugin-push/GCM/Libraries\"",
					"\"$(SRCROOT)/Pedicini Arredamenti/Plugins/phonegap-plugin-push/GCM/Libraries\"",
					"\"$(SRCROOT)/Pedicini Arredamenti/Plugins/phonegap-plugin-push/GCM/Libraries\"",
					"\"$(SRCROOT)/Pedicini Arredamenti/Plugins/phonegap-plugin-push/GCM/Libraries\"",
					"\"$(SRCROOT)/Pedicini Arredamenti/Plugins/phonegap-plugin-push/GCM/Libraries\"",
					"\"$(SRCROOT)/Pedicini Arredamenti/Plugins/phonegap-plugin-push/GCM/Libraries\"",
					"\"$(SRCROOT)/Pedicini Arredamenti/Plugins/phonegap-plugin-push/GCM/Libraries\"",
					"\"$(SRCROOT)/Pedicini Arredamenti/Plugins/phonegap-plugin-push/GCM/Libraries\"",
					"\"$(SRCROOT)/Pedicini Arredamenti/Plugins/phonegap-plugin-push/GCM/Libraries\"",
					"\"$(SRCROOT)/Pedicini Arredamenti/Plugins/phonegap-plugin-push/GCM/Libraries\"",
					"\"$(SRCROOT)/Pedicini Arredamenti/Plugins/phonegap-plugin-push/GCM/Libraries\"",
					"\"$(SRCROOT)/Pedicini Arredamenti/Plugins/phonegap-plugin-push/GCM/Libraries\"",
					"\"$(SRCROOT)/Pedicini Arredamenti/Plugins/phonegap-plugin-push/GCM/Libraries\"",
					"\"$(SRCROOT)/Pedicini Arredamenti/Plugins/phonegap-plugin-push/GCM/Libraries\"",
					"\"$(SRCROOT)/Pedicini Arredamenti/Plugins/phonegap-plugin-push/GCM/Libraries\"",
					"\"$(SRCROOT)/Pedicini Arredamenti/Plugins/phonegap-plugin-push/GCM/Libraries\"",
					"\"$(SRCROOT)/Pedicini Arredamenti/Plugins/phonegap-plugin-push/GCM/Libraries\"",
					"\"$(SRCROOT)/Pedicini Arredamenti/Plugins/phonegap-plugin-push/GCM/Libraries\"",
					"\"$(SRCROOT)/Pedicini Arredamenti/Plugins/phonegap-plugin-push/GCM/Libraries\"",
				);
			};
			name = Release;
		};
		C01FCF4F08A954540054247B /* Debug */ = {
			isa = XCBuildConfiguration;
			baseConfigurationReference = 3047A5111AB8059700498E2A /* build.xcconfig */;
			buildSettings = {
				CLANG_ENABLE_MODULES = YES;
				CLANG_ENABLE_OBJC_ARC = YES;
				CLANG_WARN_BOOL_CONVERSION = YES;
				CLANG_WARN_CONSTANT_CONVERSION = YES;
				CLANG_WARN_EMPTY_BODY = YES;
				CLANG_WARN_ENUM_CONVERSION = YES;
				CLANG_WARN_INT_CONVERSION = YES;
				CLANG_WARN__DUPLICATE_METHOD_MATCH = YES;
				GCC_C_LANGUAGE_STANDARD = c99;
				GCC_THUMB_SUPPORT = NO;
				GCC_VERSION = "";
				GCC_WARN_ABOUT_RETURN_TYPE = YES;
				GCC_WARN_UNDECLARED_SELECTOR = YES;
				GCC_WARN_UNINITIALIZED_AUTOS = YES;
				GCC_WARN_UNUSED_FUNCTION = YES;
				GCC_WARN_UNUSED_VARIABLE = YES;
				ONLY_ACTIVE_ARCH = YES;
				SDKROOT = iphoneos;
				SKIP_INSTALL = NO;
				TARGETED_DEVICE_FAMILY = "1,2";
				ASSETCATALOG_COMPILER_LAUNCHIMAGE_NAME = LaunchImage;
			};
			name = Debug;
		};
		C01FCF5008A954540054247B /* Release */ = {
			isa = XCBuildConfiguration;
			baseConfigurationReference = 3047A5111AB8059700498E2A /* build.xcconfig */;
			buildSettings = {
				CLANG_ENABLE_MODULES = YES;
				CLANG_ENABLE_OBJC_ARC = YES;
				CLANG_WARN_BOOL_CONVERSION = YES;
				CLANG_WARN_CONSTANT_CONVERSION = YES;
				CLANG_WARN_EMPTY_BODY = YES;
				CLANG_WARN_ENUM_CONVERSION = YES;
				CLANG_WARN_INT_CONVERSION = YES;
				CLANG_WARN__DUPLICATE_METHOD_MATCH = YES;
				GCC_C_LANGUAGE_STANDARD = c99;
				GCC_THUMB_SUPPORT = NO;
				GCC_VERSION = "";
				GCC_WARN_ABOUT_RETURN_TYPE = YES;
				GCC_WARN_UNDECLARED_SELECTOR = YES;
				GCC_WARN_UNINITIALIZED_AUTOS = YES;
				GCC_WARN_UNUSED_FUNCTION = YES;
				GCC_WARN_UNUSED_VARIABLE = YES;
				SDKROOT = iphoneos;
				SKIP_INSTALL = NO;
				TARGETED_DEVICE_FAMILY = "1,2";
				ASSETCATALOG_COMPILER_LAUNCHIMAGE_NAME = LaunchImage;
			};
			name = Release;
		};
/* End XCBuildConfiguration section */

/* Begin XCConfigurationList section */
		1D6058960D05DD3E006BFB54 /* Build configuration list for PBXNativeTarget "Pedicini Arredamenti" */ = {
			isa = XCConfigurationList;
			buildConfigurations = (
				1D6058940D05DD3E006BFB54 /* Debug */,
				1D6058950D05DD3E006BFB54 /* Release */,
			);
			defaultConfigurationIsVisible = 0;
			defaultConfigurationName = Release;
		};
		C01FCF4E08A954540054247B /* Build configuration list for PBXProject "__NON-CLI__" */ = {
			isa = XCConfigurationList;
			buildConfigurations = (
				C01FCF4F08A954540054247B /* Debug */,
				C01FCF5008A954540054247B /* Release */,
			);
			defaultConfigurationIsVisible = 0;
			defaultConfigurationName = Release;
		};
/* End XCConfigurationList section */
	};
	rootObject = 29B97313FDCFA39411CA2CEA /* Project object */;
}
